
Microsoft Visual Studio Solution File, Format Version 12.00
# Visual Studio Version 17
VisualStudioVersion = 17.0.31903.59
MinimumVisualStudioVersion = 10.0.40219.1
Project("{FAE04EC0-301F-11D3-BF4B-00C04F79EFBC}") = "BuberBreakfast.contracts", "Buberbreakfast.contracts\BuberBreakfast.contracts.csproj", "{A27F7CD3-6527-4979-A5CC-143FD765CE68}"
EndProject
Project("{FAE04EC0-301F-11D3-BF4B-00C04F79EFBC}") = "Buberbreakfast", "Buberbreakfast\Buberbreakfast.csproj", "{6E9B3BD4-44FA-4C99-B4E6-C29BFF6E6824}"
EndProject
Global
	GlobalSection(SolutionConfigurationPlatforms) = preSolution
		Debug|Any CPU = Debug|Any CPU
		Release|Any CPU = Release|Any CPU
	EndGlobalSection
	GlobalSection(SolutionProperties) = preSolution
		HideSolutionNode = FALSE
	EndGlobalSection
	GlobalSection(ProjectConfigurationPlatforms) = postSolution
		{A27F7CD3-6527-4979-A5CC-143FD765CE68}.Debug|Any CPU.ActiveCfg = Debug|Any CPU
		{A27F7CD3-6527-4979-A5CC-143FD765CE68}.Debug|Any CPU.Build.0 = Debug|Any CPU
		{A27F7CD3-6527-4979-A5CC-143FD765CE68}.Release|Any CPU.ActiveCfg = Release|Any CPU
		{A27F7CD3-6527-4979-A5CC-143FD765CE68}.Release|Any CPU.Build.0 = Release|Any CPU
		{6E9B3BD4-44FA-4C99-B4E6-C29BFF6E6824}.Debug|Any CPU.ActiveCfg = Debug|Any CPU
		{6E9B3BD4-44FA-4C99-B4E6-C29BFF6E6824}.Debug|Any CPU.Build.0 = Debug|Any CPU
		{6E9B3BD4-44FA-4C99-B4E6-C29BFF6E6824}.Release|Any CPU.ActiveCfg = Release|Any CPU
		{6E9B3BD4-44FA-4C99-B4E6-C29BFF6E6824}.Release|Any CPU.Build.0 = Release|Any CPU
	EndGlobalSection
EndGlobal
